
Microsoft Visual Studio Solution File, Format Version 12.00
# Visual Studio Version 16
VisualStudioVersion = 16.0.32407.337
MinimumVisualStudioVersion = 10.0.40219.1
Project("{FAE04EC0-301F-11D3-BF4B-00C04F79EFBC}") = "B2Check", "B2Check.csproj", "{35C15FB5-8515-48A0-BECF-1476AFA23BB1}"
EndProject
Global
	GlobalSection(SolutionConfigurationPlatforms) = preSolution
		Debug|Any CPU = Debug|Any CPU
		Release|Any CPU = Release|Any CPU
	EndGlobalSection
	GlobalSection(ProjectConfigurationPlatforms) = postSolution
		{35C15FB5-8515-48A0-BECF-1476AFA23BB1}.Debug|Any CPU.ActiveCfg = Debug|Any CPU
		{35C15FB5-8515-48A0-BECF-1476AFA23BB1}.Debug|Any CPU.Build.0 = Debug|Any CPU
		{35C15FB5-8515-48A0-BECF-1476AFA23BB1}.Release|Any CPU.ActiveCfg = Release|Any CPU
		{35C15FB5-8515-48A0-BECF-1476AFA23BB1}.Release|Any CPU.Build.0 = Release|Any CPU
	EndGlobalSection
	GlobalSection(SolutionProperties) = preSolution
		HideSolutionNode = FALSE
	EndGlobalSection
	GlobalSection(ExtensibilityGlobals) = postSolution
		SolutionGuid = {C4E2A22A-2AF5-4B8E-B8DF-FE32229F46A5}
	EndGlobalSection
EndGlobal
